
Microsoft Visual Studio Solution File, Format Version 12.00
# Visual Studio Version 17
VisualStudioVersion = 17.2.32602.215
MinimumVisualStudioVersion = 10.0.40219.1
Project("{9A19103F-16F7-4668-BE54-9A1E7A4F7556}") = "TG.ChatBot.Host", "TG.ChatBot.Host\TG.ChatBot.Host.csproj", "{F9BC9A75-5BDB-4293-BC47-1A4B31CD9AD9}"
EndProject
Global
	GlobalSection(SolutionConfigurationPlatforms) = preSolution
		Debug|Any CPU = Debug|Any CPU
		Release|Any CPU = Release|Any CPU
	EndGlobalSection
	GlobalSection(ProjectConfigurationPlatforms) = postSolution
		{F9BC9A75-5BDB-4293-BC47-1A4B31CD9AD9}.Debug|Any CPU.ActiveCfg = Debug|Any CPU
		{F9BC9A75-5BDB-4293-BC47-1A4B31CD9AD9}.Debug|Any CPU.Build.0 = Debug|Any CPU
		{F9BC9A75-5BDB-4293-BC47-1A4B31CD9AD9}.Release|Any CPU.ActiveCfg = Release|Any CPU
		{F9BC9A75-5BDB-4293-BC47-1A4B31CD9AD9}.Release|Any CPU.Build.0 = Release|Any CPU
	EndGlobalSection
	GlobalSection(SolutionProperties) = preSolution
		HideSolutionNode = FALSE
	EndGlobalSection
	GlobalSection(ExtensibilityGlobals) = postSolution
		SolutionGuid = {F77CAC29-12AA-4E02-8527-C65168F0A30F}
	EndGlobalSection
EndGlobal
